
Microsoft Visual Studio Solution File, Format Version 12.00
# Visual Studio 15
VisualStudioVersion = 15.0.26430.14
MinimumVisualStudioVersion = 10.0.40219.1
Project("{FAE04EC0-301F-11D3-BF4B-00C04F79EFBC}") = "Stash", "Stash\Stash.csproj", "{C2629ABD-1FE7-4567-AB80-3A5F82F0100B}"
EndProject
Project("{FAE04EC0-301F-11D3-BF4B-00C04F79EFBC}") = "Stash.Tests", "Stash.Tests\Stash.Tests.csproj", "{9E0D15FC-08F0-49CF-BC7D-C37723C4C19E}"
EndProject
Global
	GlobalSection(SolutionConfigurationPlatforms) = preSolution
		Debug|Any CPU = Debug|Any CPU
		Release|Any CPU = Release|Any CPU
	EndGlobalSection
	GlobalSection(ProjectConfigurationPlatforms) = postSolution
		{C2629ABD-1FE7-4567-AB80-3A5F82F0100B}.Debug|Any CPU.ActiveCfg = Debug|Any CPU
		{C2629ABD-1FE7-4567-AB80-3A5F82F0100B}.Debug|Any CPU.Build.0 = Debug|Any CPU
		{C2629ABD-1FE7-4567-AB80-3A5F82F0100B}.Release|Any CPU.ActiveCfg = Release|Any CPU
		{C2629ABD-1FE7-4567-AB80-3A5F82F0100B}.Release|Any CPU.Build.0 = Release|Any CPU
		{9E0D15FC-08F0-49CF-BC7D-C37723C4C19E}.Debug|Any CPU.ActiveCfg = Debug|Any CPU
		{9E0D15FC-08F0-49CF-BC7D-C37723C4C19E}.Debug|Any CPU.Build.0 = Debug|Any CPU
		{9E0D15FC-08F0-49CF-BC7D-C37723C4C19E}.Release|Any CPU.ActiveCfg = Release|Any CPU
		{9E0D15FC-08F0-49CF-BC7D-C37723C4C19E}.Release|Any CPU.Build.0 = Release|Any CPU
	EndGlobalSection
	GlobalSection(SolutionProperties) = preSolution
		HideSolutionNode = FALSE
	EndGlobalSection
EndGlobal
